
Microsoft Visual Studio Solution File, Format Version 12.00
# Visual Studio Version 16
VisualStudioVersion = 16.0.31729.503
MinimumVisualStudioVersion = 10.0.40219.1
Project("{9A19103F-16F7-4668-BE54-9A1E7A4F7556}") = "DIO.Series", "DIO.Series.csproj", "{508893DE-180C-45DF-9F0E-B2C589C8A5A1}"
EndProject
Global
	GlobalSection(SolutionConfigurationPlatforms) = preSolution
		Debug|Any CPU = Debug|Any CPU
		Release|Any CPU = Release|Any CPU
	EndGlobalSection
	GlobalSection(ProjectConfigurationPlatforms) = postSolution
		{508893DE-180C-45DF-9F0E-B2C589C8A5A1}.Debug|Any CPU.ActiveCfg = Debug|Any CPU
		{508893DE-180C-45DF-9F0E-B2C589C8A5A1}.Debug|Any CPU.Build.0 = Debug|Any CPU
		{508893DE-180C-45DF-9F0E-B2C589C8A5A1}.Release|Any CPU.ActiveCfg = Release|Any CPU
		{508893DE-180C-45DF-9F0E-B2C589C8A5A1}.Release|Any CPU.Build.0 = Release|Any CPU
	EndGlobalSection
	GlobalSection(SolutionProperties) = preSolution
		HideSolutionNode = FALSE
	EndGlobalSection
	GlobalSection(ExtensibilityGlobals) = postSolution
		SolutionGuid = {5CE4EEF8-8321-469F-8C7E-6DB11AE31321}
	EndGlobalSection
EndGlobal
